
Microsoft Visual Studio Solution File, Format Version 12.00
# Visual Studio 2013
VisualStudioVersion = 12.0.30110.0
MinimumVisualStudioVersion = 10.0.40219.1
Project("{FAE04EC0-301F-11D3-BF4B-00C04F79EFBC}") = "Configs", "Configs\Configs.csproj", "{A05FAC71-0D8A-4D65-B318-B6B228CDA385}"
EndProject
Project("{FAE04EC0-301F-11D3-BF4B-00C04F79EFBC}") = "SamaySharedLib", "SharedLib\SamaySharedLib.csproj", "{703CD095-406E-442C-AEC9-EC34D90E9F50}"
EndProject
Project("{2150E333-8FDC-42A3-9474-1A3956D46DE8}") = "SampleTasks", "SampleTasks", "{7E9B63FD-7DEE-455A-9DC3-3B46E9ABEDE6}"
EndProject
Project("{FAE04EC0-301F-11D3-BF4B-00C04F79EFBC}") = "CalculatePi", "SampleTasks\CalculatePi\CalculatePi.csproj", "{5334ABFE-41ED-4F23-AA12-9A6A8669A6D3}"
EndProject
Project("{FAE04EC0-301F-11D3-BF4B-00C04F79EFBC}") = "EchoJob", "SampleTasks\EchoJob\EchoJob.csproj", "{41B7DC79-7F49-49FA-96B7-29383CF108A1}"
EndProject
Project("{FAE04EC0-301F-11D3-BF4B-00C04F79EFBC}") = "MSMQ_Receive", "SampleTasks\MSMQ_Receive\MSMQ_Receive.csproj", "{D8619788-7CDF-42F9-B93B-632DAC0E3404}"
EndProject
Project("{FAE04EC0-301F-11D3-BF4B-00C04F79EFBC}") = "MSMQSend", "SampleTasks\MSMQSend\MSMQSend.csproj", "{C05DFB61-0073-4527-AC22-572B6DB77EF4}"
EndProject
Project("{FAE04EC0-301F-11D3-BF4B-00C04F79EFBC}") = "RunExecutable", "SampleTasks\RunExecutable\RunExecutable.csproj", "{3DCBB7E3-E388-45E5-AD6F-74ED1D78DE53}"
EndProject
Project("{FAE04EC0-301F-11D3-BF4B-00C04F79EFBC}") = "SendEmail", "SampleTasks\SendEmail\SendEmail.csproj", "{659DF9A3-F095-4A6C-8C61-6C740E6CE8B1}"
EndProject
Project("{FAE04EC0-301F-11D3-BF4B-00C04F79EFBC}") = "ShortTask", "SampleTasks\ShortTask\ShortTask.csproj", "{ACC7AFC3-F164-4612-9886-67DD93A5D6FD}"
EndProject
Project("{FAE04EC0-301F-11D3-BF4B-00C04F79EFBC}") = "SQLExec", "SampleTasks\SQLExec\SQLExec.csproj", "{1DBE4287-9F14-471C-9A4E-D8E7C0CAA6E0}"
EndProject
Project("{FAE04EC0-301F-11D3-BF4B-00C04F79EFBC}") = "SamayEngine", "SamayEngine\SamayEngine.csproj", "{15D0E902-E3DE-42B2-9301-9B340920729F}"
EndProject
Project("{FAE04EC0-301F-11D3-BF4B-00C04F79EFBC}") = "SamayLogger", "SamayLogger\SamayLogger.csproj", "{BBB74712-A0D9-4E59-A5D1-36AA287AFBD6}"
EndProject
Project("{FAE04EC0-301F-11D3-BF4B-00C04F79EFBC}") = "CopyFiles_Task", "SampleTasks\Copy_Move_Files_Task\CopyFiles_Task.csproj", "{AD53691B-8933-49F7-B327-693957B1C3DA}"
EndProject
Project("{FAE04EC0-301F-11D3-BF4B-00C04F79EFBC}") = "EngineTest", "EngineTest\EngineTest.csproj", "{410E1354-9007-4AAC-9D5E-092237DA0EBE}"
EndProject
Project("{2150E333-8FDC-42A3-9474-1A3956D46DE8}") = "Tests", "Tests", "{99264744-8AAF-4275-B29D-5B472A033C26}"
EndProject
Project("{FAE04EC0-301F-11D3-BF4B-00C04F79EFBC}") = "SamayEngineService", "SamayEngineService\SamayEngineService.csproj", "{B6BEBA93-94D9-42EA-8337-56556054508F}"
EndProject
Project("{FAE04EC0-301F-11D3-BF4B-00C04F79EFBC}") = "InteractWithSamay", "InteractWithSamay\InteractWithSamay.csproj", "{BEB8D1AF-33F7-4CD4-BEB1-75DA4153783D}"
EndProject
Project("{2150E333-8FDC-42A3-9474-1A3956D46DE8}") = ".nuget", ".nuget", "{8F9C0C4F-4727-46A0-A939-0797F3AE860F}"
	ProjectSection(SolutionItems) = preProject
		.nuget\NuGet.Config = .nuget\NuGet.Config
		.nuget\NuGet.exe = .nuget\NuGet.exe
		.nuget\NuGet.targets = .nuget\NuGet.targets
	EndProjectSection
EndProject
Project("{FAE04EC0-301F-11D3-BF4B-00C04F79EFBC}") = "Task1", "SampleTasks\TestingTasks\Task1\Task1.csproj", "{56D958E7-0A56-4C44-A847-6468031C4ACC}"
EndProject
Project("{FAE04EC0-301F-11D3-BF4B-00C04F79EFBC}") = "Task2", "SampleTasks\TestingTasks\Task2\Task2.csproj", "{136D3D73-130C-4DE2-AA0D-0A6FF2531181}"
EndProject
Project("{FAE04EC0-301F-11D3-BF4B-00C04F79EFBC}") = "TestTask", "SampleTasks\TestingTasks\TestTask\TestTask.csproj", "{97D434C0-ACC2-4C93-9563-C95B6FB40FDA}"
EndProject
Global
	GlobalSection(SolutionConfigurationPlatforms) = preSolution
		Debug|Any CPU = Debug|Any CPU
		Debug|Mixed Platforms = Debug|Mixed Platforms
		Debug|x86 = Debug|x86
		Release|Any CPU = Release|Any CPU
		Release|Mixed Platforms = Release|Mixed Platforms
		Release|x86 = Release|x86
	EndGlobalSection
	GlobalSection(ProjectConfigurationPlatforms) = postSolution
		{A05FAC71-0D8A-4D65-B318-B6B228CDA385}.Debug|Any CPU.ActiveCfg = Debug|Any CPU
		{A05FAC71-0D8A-4D65-B318-B6B228CDA385}.Debug|Any CPU.Build.0 = Debug|Any CPU
		{A05FAC71-0D8A-4D65-B318-B6B228CDA385}.Debug|Mixed Platforms.ActiveCfg = Debug|Any CPU
		{A05FAC71-0D8A-4D65-B318-B6B228CDA385}.Debug|Mixed Platforms.Build.0 = Debug|Any CPU
		{A05FAC71-0D8A-4D65-B318-B6B228CDA385}.Debug|x86.ActiveCfg = Debug|Any CPU
		{A05FAC71-0D8A-4D65-B318-B6B228CDA385}.Release|Any CPU.ActiveCfg = Release|Any CPU
		{A05FAC71-0D8A-4D65-B318-B6B228CDA385}.Release|Any CPU.Build.0 = Release|Any CPU
		{A05FAC71-0D8A-4D65-B318-B6B228CDA385}.Release|Mixed Platforms.ActiveCfg = Release|Any CPU
		{A05FAC71-0D8A-4D65-B318-B6B228CDA385}.Release|Mixed Platforms.Build.0 = Release|Any CPU
		{A05FAC71-0D8A-4D65-B318-B6B228CDA385}.Release|x86.ActiveCfg = Release|Any CPU
		{703CD095-406E-442C-AEC9-EC34D90E9F50}.Debug|Any CPU.ActiveCfg = Debug|Any CPU
		{703CD095-406E-442C-AEC9-EC34D90E9F50}.Debug|Any CPU.Build.0 = Debug|Any CPU
		{703CD095-406E-442C-AEC9-EC34D90E9F50}.Debug|Mixed Platforms.ActiveCfg = Debug|Any CPU
		{703CD095-406E-442C-AEC9-EC34D90E9F50}.Debug|Mixed Platforms.Build.0 = Debug|Any CPU
		{703CD095-406E-442C-AEC9-EC34D90E9F50}.Debug|x86.ActiveCfg = Debug|Any CPU
		{703CD095-406E-442C-AEC9-EC34D90E9F50}.Release|Any CPU.ActiveCfg = Release|Any CPU
		{703CD095-406E-442C-AEC9-EC34D90E9F50}.Release|Any CPU.Build.0 = Release|Any CPU
		{703CD095-406E-442C-AEC9-EC34D90E9F50}.Release|Mixed Platforms.ActiveCfg = Release|Any CPU
		{703CD095-406E-442C-AEC9-EC34D90E9F50}.Release|Mixed Platforms.Build.0 = Release|Any CPU
		{703CD095-406E-442C-AEC9-EC34D90E9F50}.Release|x86.ActiveCfg = Release|Any CPU
		{5334ABFE-41ED-4F23-AA12-9A6A8669A6D3}.Debug|Any CPU.ActiveCfg = Debug|Any CPU
		{5334ABFE-41ED-4F23-AA12-9A6A8669A6D3}.Debug|Any CPU.Build.0 = Debug|Any CPU
		{5334ABFE-41ED-4F23-AA12-9A6A8669A6D3}.Debug|Mixed Platforms.ActiveCfg = Debug|Any CPU
		{5334ABFE-41ED-4F23-AA12-9A6A8669A6D3}.Debug|Mixed Platforms.Build.0 = Debug|Any CPU
		{5334ABFE-41ED-4F23-AA12-9A6A8669A6D3}.Debug|x86.ActiveCfg = Debug|Any CPU
		{5334ABFE-41ED-4F23-AA12-9A6A8669A6D3}.Release|Any CPU.ActiveCfg = Release|Any CPU
		{5334ABFE-41ED-4F23-AA12-9A6A8669A6D3}.Release|Any CPU.Build.0 = Release|Any CPU
		{5334ABFE-41ED-4F23-AA12-9A6A8669A6D3}.Release|Mixed Platforms.ActiveCfg = Release|Any CPU
		{5334ABFE-41ED-4F23-AA12-9A6A8669A6D3}.Release|Mixed Platforms.Build.0 = Release|Any CPU
		{5334ABFE-41ED-4F23-AA12-9A6A8669A6D3}.Release|x86.ActiveCfg = Release|Any CPU
		{41B7DC79-7F49-49FA-96B7-29383CF108A1}.Debug|Any CPU.ActiveCfg = Debug|Any CPU
		{41B7DC79-7F49-49FA-96B7-29383CF108A1}.Debug|Any CPU.Build.0 = Debug|Any CPU
		{41B7DC79-7F49-49FA-96B7-29383CF108A1}.Debug|Mixed Platforms.ActiveCfg = Debug|Any CPU
		{41B7DC79-7F49-49FA-96B7-29383CF108A1}.Debug|Mixed Platforms.Build.0 = Debug|Any CPU
		{41B7DC79-7F49-49FA-96B7-29383CF108A1}.Debug|x86.ActiveCfg = Debug|Any CPU
		{41B7DC79-7F49-49FA-96B7-29383CF108A1}.Release|Any CPU.ActiveCfg = Release|Any CPU
		{41B7DC79-7F49-49FA-96B7-29383CF108A1}.Release|Any CPU.Build.0 = Release|Any CPU
		{41B7DC79-7F49-49FA-96B7-29383CF108A1}.Release|Mixed Platforms.ActiveCfg = Release|Any CPU
		{41B7DC79-7F49-49FA-96B7-29383CF108A1}.Release|Mixed Platforms.Build.0 = Release|Any CPU
		{41B7DC79-7F49-49FA-96B7-29383CF108A1}.Release|x86.ActiveCfg = Release|Any CPU
		{D8619788-7CDF-42F9-B93B-632DAC0E3404}.Debug|Any CPU.ActiveCfg = Debug|Any CPU
		{D8619788-7CDF-42F9-B93B-632DAC0E3404}.Debug|Any CPU.Build.0 = Debug|Any CPU
		{D8619788-7CDF-42F9-B93B-632DAC0E3404}.Debug|Mixed Platforms.ActiveCfg = Debug|Any CPU
		{D8619788-7CDF-42F9-B93B-632DAC0E3404}.Debug|Mixed Platforms.Build.0 = Debug|Any CPU
		{D8619788-7CDF-42F9-B93B-632DAC0E3404}.Debug|x86.ActiveCfg = Debug|Any CPU
		{D8619788-7CDF-42F9-B93B-632DAC0E3404}.Release|Any CPU.ActiveCfg = Release|Any CPU
		{D8619788-7CDF-42F9-B93B-632DAC0E3404}.Release|Any CPU.Build.0 = Release|Any CPU
		{D8619788-7CDF-42F9-B93B-632DAC0E3404}.Release|Mixed Platforms.ActiveCfg = Release|Any CPU
		{D8619788-7CDF-42F9-B93B-632DAC0E3404}.Release|Mixed Platforms.Build.0 = Release|Any CPU
		{D8619788-7CDF-42F9-B93B-632DAC0E3404}.Release|x86.ActiveCfg = Release|Any CPU
		{C05DFB61-0073-4527-AC22-572B6DB77EF4}.Debug|Any CPU.ActiveCfg = Debug|Any CPU
		{C05DFB61-0073-4527-AC22-572B6DB77EF4}.Debug|Any CPU.Build.0 = Debug|Any CPU
		{C05DFB61-0073-4527-AC22-572B6DB77EF4}.Debug|Mixed Platforms.ActiveCfg = Debug|Any CPU
		{C05DFB61-0073-4527-AC22-572B6DB77EF4}.Debug|Mixed Platforms.Build.0 = Debug|Any CPU
		{C05DFB61-0073-4527-AC22-572B6DB77EF4}.Debug|x86.ActiveCfg = Debug|Any CPU
		{C05DFB61-0073-4527-AC22-572B6DB77EF4}.Release|Any CPU.ActiveCfg = Release|Any CPU
		{C05DFB61-0073-4527-AC22-572B6DB77EF4}.Release|Any CPU.Build.0 = Release|Any CPU
		{C05DFB61-0073-4527-AC22-572B6DB77EF4}.Release|Any CPU.Deploy.0 = Release|Any CPU
		{C05DFB61-0073-4527-AC22-572B6DB77EF4}.Release|Mixed Platforms.ActiveCfg = Release|Any CPU
		{C05DFB61-0073-4527-AC22-572B6DB77EF4}.Release|Mixed Platforms.Build.0 = Release|Any CPU
		{C05DFB61-0073-4527-AC22-572B6DB77EF4}.Release|x86.ActiveCfg = Release|Any CPU
		{3DCBB7E3-E388-45E5-AD6F-74ED1D78DE53}.Debug|Any CPU.ActiveCfg = Debug|Any CPU
		{3DCBB7E3-E388-45E5-AD6F-74ED1D78DE53}.Debug|Any CPU.Build.0 = Debug|Any CPU
		{3DCBB7E3-E388-45E5-AD6F-74ED1D78DE53}.Debug|Mixed Platforms.ActiveCfg = Debug|Any CPU
		{3DCBB7E3-E388-45E5-AD6F-74ED1D78DE53}.Debug|Mixed Platforms.Build.0 = Debug|Any CPU
		{3DCBB7E3-E388-45E5-AD6F-74ED1D78DE53}.Debug|x86.ActiveCfg = Debug|Any CPU
		{3DCBB7E3-E388-45E5-AD6F-74ED1D78DE53}.Release|Any CPU.ActiveCfg = Release|Any CPU
		{3DCBB7E3-E388-45E5-AD6F-74ED1D78DE53}.Release|Any CPU.Build.0 = Release|Any CPU
		{3DCBB7E3-E388-45E5-AD6F-74ED1D78DE53}.Release|Mixed Platforms.ActiveCfg = Release|Any CPU
		{3DCBB7E3-E388-45E5-AD6F-74ED1D78DE53}.Release|Mixed Platforms.Build.0 = Release|Any CPU
		{3DCBB7E3-E388-45E5-AD6F-74ED1D78DE53}.Release|x86.ActiveCfg = Release|Any CPU
		{659DF9A3-F095-4A6C-8C61-6C740E6CE8B1}.Debug|Any CPU.ActiveCfg = Debug|Any CPU
		{659DF9A3-F095-4A6C-8C61-6C740E6CE8B1}.Debug|Any CPU.Build.0 = Debug|Any CPU
		{659DF9A3-F095-4A6C-8C61-6C740E6CE8B1}.Debug|Mixed Platforms.ActiveCfg = Debug|Any CPU
		{659DF9A3-F095-4A6C-8C61-6C740E6CE8B1}.Debug|Mixed Platforms.Build.0 = Debug|Any CPU
		{659DF9A3-F095-4A6C-8C61-6C740E6CE8B1}.Debug|x86.ActiveCfg = Debug|Any CPU
		{659DF9A3-F095-4A6C-8C61-6C740E6CE8B1}.Release|Any CPU.ActiveCfg = Release|Any CPU
		{659DF9A3-F095-4A6C-8C61-6C740E6CE8B1}.Release|Any CPU.Build.0 = Release|Any CPU
		{659DF9A3-F095-4A6C-8C61-6C740E6CE8B1}.Release|Mixed Platforms.ActiveCfg = Release|Any CPU
		{659DF9A3-F095-4A6C-8C61-6C740E6CE8B1}.Release|Mixed Platforms.Build.0 = Release|Any CPU
		{659DF9A3-F095-4A6C-8C61-6C740E6CE8B1}.Release|x86.ActiveCfg = Release|Any CPU
		{ACC7AFC3-F164-4612-9886-67DD93A5D6FD}.Debug|Any CPU.ActiveCfg = Debug|Any CPU
		{ACC7AFC3-F164-4612-9886-67DD93A5D6FD}.Debug|Any CPU.Build.0 = Debug|Any CPU
		{ACC7AFC3-F164-4612-9886-67DD93A5D6FD}.Debug|Mixed Platforms.ActiveCfg = Debug|Any CPU
		{ACC7AFC3-F164-4612-9886-67DD93A5D6FD}.Debug|Mixed Platforms.Build.0 = Debug|Any CPU
		{ACC7AFC3-F164-4612-9886-67DD93A5D6FD}.Debug|x86.ActiveCfg = Debug|Any CPU
		{ACC7AFC3-F164-4612-9886-67DD93A5D6FD}.Release|Any CPU.ActiveCfg = Release|Any CPU
		{ACC7AFC3-F164-4612-9886-67DD93A5D6FD}.Release|Any CPU.Build.0 = Release|Any CPU
		{ACC7AFC3-F164-4612-9886-67DD93A5D6FD}.Release|Mixed Platforms.ActiveCfg = Release|Any CPU
		{ACC7AFC3-F164-4612-9886-67DD93A5D6FD}.Release|Mixed Platforms.Build.0 = Release|Any CPU
		{ACC7AFC3-F164-4612-9886-67DD93A5D6FD}.Release|x86.ActiveCfg = Release|Any CPU
		{1DBE4287-9F14-471C-9A4E-D8E7C0CAA6E0}.Debug|Any CPU.ActiveCfg = Debug|Any CPU
		{1DBE4287-9F14-471C-9A4E-D8E7C0CAA6E0}.Debug|Any CPU.Build.0 = Debug|Any CPU
		{1DBE4287-9F14-471C-9A4E-D8E7C0CAA6E0}.Debug|Mixed Platforms.ActiveCfg = Debug|Any CPU
		{1DBE4287-9F14-471C-9A4E-D8E7C0CAA6E0}.Debug|Mixed Platforms.Build.0 = Debug|Any CPU
		{1DBE4287-9F14-471C-9A4E-D8E7C0CAA6E0}.Debug|x86.ActiveCfg = Debug|Any CPU
		{1DBE4287-9F14-471C-9A4E-D8E7C0CAA6E0}.Release|Any CPU.ActiveCfg = Release|Any CPU
		{1DBE4287-9F14-471C-9A4E-D8E7C0CAA6E0}.Release|Any CPU.Build.0 = Release|Any CPU
		{1DBE4287-9F14-471C-9A4E-D8E7C0CAA6E0}.Release|Mixed Platforms.ActiveCfg = Release|Any CPU
		{1DBE4287-9F14-471C-9A4E-D8E7C0CAA6E0}.Release|Mixed Platforms.Build.0 = Release|Any CPU
		{1DBE4287-9F14-471C-9A4E-D8E7C0CAA6E0}.Release|x86.ActiveCfg = Release|Any CPU
		{15D0E902-E3DE-42B2-9301-9B340920729F}.Debug|Any CPU.ActiveCfg = Debug|Any CPU
		{15D0E902-E3DE-42B2-9301-9B340920729F}.Debug|Any CPU.Build.0 = Debug|Any CPU
		{15D0E902-E3DE-42B2-9301-9B340920729F}.Debug|Mixed Platforms.ActiveCfg = Debug|Any CPU
		{15D0E902-E3DE-42B2-9301-9B340920729F}.Debug|Mixed Platforms.Build.0 = Debug|Any CPU
		{15D0E902-E3DE-42B2-9301-9B340920729F}.Debug|x86.ActiveCfg = Debug|x86
		{15D0E902-E3DE-42B2-9301-9B340920729F}.Debug|x86.Build.0 = Debug|x86
		{15D0E902-E3DE-42B2-9301-9B340920729F}.Release|Any CPU.ActiveCfg = Release|Any CPU
		{15D0E902-E3DE-42B2-9301-9B340920729F}.Release|Any CPU.Build.0 = Release|Any CPU
		{15D0E902-E3DE-42B2-9301-9B340920729F}.Release|Mixed Platforms.ActiveCfg = Release|x86
		{15D0E902-E3DE-42B2-9301-9B340920729F}.Release|Mixed Platforms.Build.0 = Release|x86
		{15D0E902-E3DE-42B2-9301-9B340920729F}.Release|x86.ActiveCfg = Release|x86
		{15D0E902-E3DE-42B2-9301-9B340920729F}.Release|x86.Build.0 = Release|x86
		{BBB74712-A0D9-4E59-A5D1-36AA287AFBD6}.Debug|Any CPU.ActiveCfg = Debug|Any CPU
		{BBB74712-A0D9-4E59-A5D1-36AA287AFBD6}.Debug|Any CPU.Build.0 = Debug|Any CPU
		{BBB74712-A0D9-4E59-A5D1-36AA287AFBD6}.Debug|Mixed Platforms.ActiveCfg = Debug|Any CPU
		{BBB74712-A0D9-4E59-A5D1-36AA287AFBD6}.Debug|Mixed Platforms.Build.0 = Debug|Any CPU
		{BBB74712-A0D9-4E59-A5D1-36AA287AFBD6}.Debug|x86.ActiveCfg = Debug|Any CPU
		{BBB74712-A0D9-4E59-A5D1-36AA287AFBD6}.Release|Any CPU.ActiveCfg = Release|Any CPU
		{BBB74712-A0D9-4E59-A5D1-36AA287AFBD6}.Release|Any CPU.Build.0 = Release|Any CPU
		{BBB74712-A0D9-4E59-A5D1-36AA287AFBD6}.Release|Mixed Platforms.ActiveCfg = Release|Any CPU
		{BBB74712-A0D9-4E59-A5D1-36AA287AFBD6}.Release|Mixed Platforms.Build.0 = Release|Any CPU
		{BBB74712-A0D9-4E59-A5D1-36AA287AFBD6}.Release|x86.ActiveCfg = Release|Any CPU
		{AD53691B-8933-49F7-B327-693957B1C3DA}.Debug|Any CPU.ActiveCfg = Debug|Any CPU
		{AD53691B-8933-49F7-B327-693957B1C3DA}.Debug|Any CPU.Build.0 = Debug|Any CPU
		{AD53691B-8933-49F7-B327-693957B1C3DA}.Debug|Mixed Platforms.ActiveCfg = Debug|Any CPU
		{AD53691B-8933-49F7-B327-693957B1C3DA}.Debug|Mixed Platforms.Build.0 = Debug|Any CPU
		{AD53691B-8933-49F7-B327-693957B1C3DA}.Debug|x86.ActiveCfg = Debug|x86
		{AD53691B-8933-49F7-B327-693957B1C3DA}.Debug|x86.Build.0 = Debug|x86
		{AD53691B-8933-49F7-B327-693957B1C3DA}.Release|Any CPU.ActiveCfg = Release|Any CPU
		{AD53691B-8933-49F7-B327-693957B1C3DA}.Release|Any CPU.Build.0 = Release|Any CPU
		{AD53691B-8933-49F7-B327-693957B1C3DA}.Release|Mixed Platforms.ActiveCfg = Release|x86
		{AD53691B-8933-49F7-B327-693957B1C3DA}.Release|Mixed Platforms.Build.0 = Release|x86
		{AD53691B-8933-49F7-B327-693957B1C3DA}.Release|x86.ActiveCfg = Release|x86
		{AD53691B-8933-49F7-B327-693957B1C3DA}.Release|x86.Build.0 = Release|x86
		{410E1354-9007-4AAC-9D5E-092237DA0EBE}.Debug|Any CPU.ActiveCfg = Debug|Any CPU
		{410E1354-9007-4AAC-9D5E-092237DA0EBE}.Debug|Any CPU.Build.0 = Debug|Any CPU
		{410E1354-9007-4AAC-9D5E-092237DA0EBE}.Debug|Mixed Platforms.ActiveCfg = Debug|Any CPU
		{410E1354-9007-4AAC-9D5E-092237DA0EBE}.Debug|Mixed Platforms.Build.0 = Debug|Any CPU
		{410E1354-9007-4AAC-9D5E-092237DA0EBE}.Debug|x86.ActiveCfg = Debug|Any CPU
		{410E1354-9007-4AAC-9D5E-092237DA0EBE}.Release|Any CPU.ActiveCfg = Release|Any CPU
		{410E1354-9007-4AAC-9D5E-092237DA0EBE}.Release|Any CPU.Build.0 = Release|Any CPU
		{410E1354-9007-4AAC-9D5E-092237DA0EBE}.Release|Mixed Platforms.ActiveCfg = Release|Any CPU
		{410E1354-9007-4AAC-9D5E-092237DA0EBE}.Release|Mixed Platforms.Build.0 = Release|Any CPU
		{410E1354-9007-4AAC-9D5E-092237DA0EBE}.Release|x86.ActiveCfg = Release|Any CPU
		{B6BEBA93-94D9-42EA-8337-56556054508F}.Debug|Any CPU.ActiveCfg = Debug|Any CPU
		{B6BEBA93-94D9-42EA-8337-56556054508F}.Debug|Any CPU.Build.0 = Debug|Any CPU
		{B6BEBA93-94D9-42EA-8337-56556054508F}.Debug|Mixed Platforms.ActiveCfg = Debug|Any CPU
		{B6BEBA93-94D9-42EA-8337-56556054508F}.Debug|Mixed Platforms.Build.0 = Debug|Any CPU
		{B6BEBA93-94D9-42EA-8337-56556054508F}.Debug|x86.ActiveCfg = Debug|x86
		{B6BEBA93-94D9-42EA-8337-56556054508F}.Debug|x86.Build.0 = Debug|x86
		{B6BEBA93-94D9-42EA-8337-56556054508F}.Release|Any CPU.ActiveCfg = Release|Any CPU
		{B6BEBA93-94D9-42EA-8337-56556054508F}.Release|Any CPU.Build.0 = Release|Any CPU
		{B6BEBA93-94D9-42EA-8337-56556054508F}.Release|Mixed Platforms.ActiveCfg = Release|x86
		{B6BEBA93-94D9-42EA-8337-56556054508F}.Release|Mixed Platforms.Build.0 = Release|x86
		{B6BEBA93-94D9-42EA-8337-56556054508F}.Release|x86.ActiveCfg = Release|x86
		{B6BEBA93-94D9-42EA-8337-56556054508F}.Release|x86.Build.0 = Release|x86
		{BEB8D1AF-33F7-4CD4-BEB1-75DA4153783D}.Debug|Any CPU.ActiveCfg = Debug|Any CPU
		{BEB8D1AF-33F7-4CD4-BEB1-75DA4153783D}.Debug|Any CPU.Build.0 = Debug|Any CPU
		{BEB8D1AF-33F7-4CD4-BEB1-75DA4153783D}.Debug|Mixed Platforms.ActiveCfg = Debug|Any CPU
		{BEB8D1AF-33F7-4CD4-BEB1-75DA4153783D}.Debug|Mixed Platforms.Build.0 = Debug|Any CPU
		{BEB8D1AF-33F7-4CD4-BEB1-75DA4153783D}.Debug|x86.ActiveCfg = Debug|Any CPU
		{BEB8D1AF-33F7-4CD4-BEB1-75DA4153783D}.Release|Any CPU.ActiveCfg = Release|Any CPU
		{BEB8D1AF-33F7-4CD4-BEB1-75DA4153783D}.Release|Any CPU.Build.0 = Release|Any CPU
		{BEB8D1AF-33F7-4CD4-BEB1-75DA4153783D}.Release|Mixed Platforms.ActiveCfg = Release|Any CPU
		{BEB8D1AF-33F7-4CD4-BEB1-75DA4153783D}.Release|Mixed Platforms.Build.0 = Release|Any CPU
		{BEB8D1AF-33F7-4CD4-BEB1-75DA4153783D}.Release|x86.ActiveCfg = Release|Any CPU
		{56D958E7-0A56-4C44-A847-6468031C4ACC}.Debug|Any CPU.ActiveCfg = Debug|Any CPU
		{56D958E7-0A56-4C44-A847-6468031C4ACC}.Debug|Any CPU.Build.0 = Debug|Any CPU
		{56D958E7-0A56-4C44-A847-6468031C4ACC}.Debug|Mixed Platforms.ActiveCfg = Debug|Any CPU
		{56D958E7-0A56-4C44-A847-6468031C4ACC}.Debug|Mixed Platforms.Build.0 = Debug|Any CPU
		{56D958E7-0A56-4C44-A847-6468031C4ACC}.Debug|x86.ActiveCfg = Debug|Any CPU
		{56D958E7-0A56-4C44-A847-6468031C4ACC}.Release|Any CPU.ActiveCfg = Release|Any CPU
		{56D958E7-0A56-4C44-A847-6468031C4ACC}.Release|Any CPU.Build.0 = Release|Any CPU
		{56D958E7-0A56-4C44-A847-6468031C4ACC}.Release|Mixed Platforms.ActiveCfg = Release|Any CPU
		{56D958E7-0A56-4C44-A847-6468031C4ACC}.Release|Mixed Platforms.Build.0 = Release|Any CPU
		{56D958E7-0A56-4C44-A847-6468031C4ACC}.Release|x86.ActiveCfg = Release|Any CPU
		{136D3D73-130C-4DE2-AA0D-0A6FF2531181}.Debug|Any CPU.ActiveCfg = Debug|Any CPU
		{136D3D73-130C-4DE2-AA0D-0A6FF2531181}.Debug|Any CPU.Build.0 = Debug|Any CPU
		{136D3D73-130C-4DE2-AA0D-0A6FF2531181}.Debug|Mixed Platforms.ActiveCfg = Debug|Any CPU
		{136D3D73-130C-4DE2-AA0D-0A6FF2531181}.Debug|Mixed Platforms.Build.0 = Debug|Any CPU
		{136D3D73-130C-4DE2-AA0D-0A6FF2531181}.Debug|x86.ActiveCfg = Debug|Any CPU
		{136D3D73-130C-4DE2-AA0D-0A6FF2531181}.Release|Any CPU.ActiveCfg = Release|Any CPU
		{136D3D73-130C-4DE2-AA0D-0A6FF2531181}.Release|Any CPU.Build.0 = Release|Any CPU
		{136D3D73-130C-4DE2-AA0D-0A6FF2531181}.Release|Mixed Platforms.ActiveCfg = Release|Any CPU
		{136D3D73-130C-4DE2-AA0D-0A6FF2531181}.Release|Mixed Platforms.Build.0 = Release|Any CPU
		{136D3D73-130C-4DE2-AA0D-0A6FF2531181}.Release|x86.ActiveCfg = Release|Any CPU
		{97D434C0-ACC2-4C93-9563-C95B6FB40FDA}.Debug|Any CPU.ActiveCfg = Debug|Any CPU
		{97D434C0-ACC2-4C93-9563-C95B6FB40FDA}.Debug|Any CPU.Build.0 = Debug|Any CPU
		{97D434C0-ACC2-4C93-9563-C95B6FB40FDA}.Debug|Mixed Platforms.ActiveCfg = Debug|x86
		{97D434C0-ACC2-4C93-9563-C95B6FB40FDA}.Debug|Mixed Platforms.Build.0 = Debug|x86
		{97D434C0-ACC2-4C93-9563-C95B6FB40FDA}.Debug|x86.ActiveCfg = Debug|x86
		{97D434C0-ACC2-4C93-9563-C95B6FB40FDA}.Debug|x86.Build.0 = Debug|x86
		{97D434C0-ACC2-4C93-9563-C95B6FB40FDA}.Release|Any CPU.ActiveCfg = Release|Any CPU
		{97D434C0-ACC2-4C93-9563-C95B6FB40FDA}.Release|Any CPU.Build.0 = Release|Any CPU
		{97D434C0-ACC2-4C93-9563-C95B6FB40FDA}.Release|Mixed Platforms.ActiveCfg = Release|x86
		{97D434C0-ACC2-4C93-9563-C95B6FB40FDA}.Release|Mixed Platforms.Build.0 = Release|x86
		{97D434C0-ACC2-4C93-9563-C95B6FB40FDA}.Release|x86.ActiveCfg = Release|x86
		{97D434C0-ACC2-4C93-9563-C95B6FB40FDA}.Release|x86.Build.0 = Release|x86
	EndGlobalSection
	GlobalSection(SolutionProperties) = preSolution
		HideSolutionNode = FALSE
	EndGlobalSection
	GlobalSection(NestedProjects) = preSolution
		{5334ABFE-41ED-4F23-AA12-9A6A8669A6D3} = {7E9B63FD-7DEE-455A-9DC3-3B46E9ABEDE6}
		{41B7DC79-7F49-49FA-96B7-29383CF108A1} = {7E9B63FD-7DEE-455A-9DC3-3B46E9ABEDE6}
		{D8619788-7CDF-42F9-B93B-632DAC0E3404} = {7E9B63FD-7DEE-455A-9DC3-3B46E9ABEDE6}
		{C05DFB61-0073-4527-AC22-572B6DB77EF4} = {7E9B63FD-7DEE-455A-9DC3-3B46E9ABEDE6}
		{3DCBB7E3-E388-45E5-AD6F-74ED1D78DE53} = {7E9B63FD-7DEE-455A-9DC3-3B46E9ABEDE6}
		{659DF9A3-F095-4A6C-8C61-6C740E6CE8B1} = {7E9B63FD-7DEE-455A-9DC3-3B46E9ABEDE6}
		{ACC7AFC3-F164-4612-9886-67DD93A5D6FD} = {7E9B63FD-7DEE-455A-9DC3-3B46E9ABEDE6}
		{1DBE4287-9F14-471C-9A4E-D8E7C0CAA6E0} = {7E9B63FD-7DEE-455A-9DC3-3B46E9ABEDE6}
		{AD53691B-8933-49F7-B327-693957B1C3DA} = {7E9B63FD-7DEE-455A-9DC3-3B46E9ABEDE6}
		{136D3D73-130C-4DE2-AA0D-0A6FF2531181} = {7E9B63FD-7DEE-455A-9DC3-3B46E9ABEDE6}
		{97D434C0-ACC2-4C93-9563-C95B6FB40FDA} = {7E9B63FD-7DEE-455A-9DC3-3B46E9ABEDE6}
		{56D958E7-0A56-4C44-A847-6468031C4ACC} = {7E9B63FD-7DEE-455A-9DC3-3B46E9ABEDE6}
		{410E1354-9007-4AAC-9D5E-092237DA0EBE} = {99264744-8AAF-4275-B29D-5B472A033C26}
	EndGlobalSection
	GlobalSection(SubversionScc) = preSolution
		Svn-Managed = True
		Manager = AnkhSVN - Subversion Support for Visual Studio
	EndGlobalSection
EndGlobal
